{
  "name": "toverland_website",
  "version": "1.0.0",
  "lockfileVersion": 3,
  "requires": true,
  "packages": {
    "": {
      "name": "toverland_website",
      "version": "1.0.0",
      "license": "ISC",
      "dependencies": {
        "@fullcalendar/core": "^6.1.14",
        "@fullcalendar/daygrid": "^6.1.14",
        "@fullcalendar/rrule": "^6.1.14"
      }
    },
    "node_modules/@fullcalendar/core": {
      "version": "6.1.14",
      "resolved": "https://registry.npmjs.org/@fullcalendar/core/-/core-6.1.14.tgz",
      "integrity": "sha512-hIPRBevm0aMc2aHy1hRIJgXmI1QTvQM1neQa9oxtuqUmF1+ApYC3oAdwcQMTuI7lHHw3pKJDyJFkKLPPnL6HXA==",
      "dependencies": {
        "preact": "~10.12.1"
      }
    },
    "node_modules/@fullcalendar/daygrid": {
      "version": "6.1.14",
      "resolved": "https://registry.npmjs.org/@fullcalendar/daygrid/-/daygrid-6.1.14.tgz",
      "integrity": "sha512-DSyjiA1dEM8k3bOCrZpZOmAOZu71KGtH02ze+4QKuhxkmn/zQghmmLRdfzpOrcyJg6xGKkoB4pBcO+2lXar8XQ==",
      "peerDependencies": {
        "@fullcalendar/core": "~6.1.14"
      }
    },
    "node_modules/@fullcalendar/rrule": {
      "version": "6.1.14",
      "resolved": "https://registry.npmjs.org/@fullcalendar/rrule/-/rrule-6.1.14.tgz",
      "integrity": "sha512-B9Sa6+jxQjLfiheInjJqe7hiRSLk58Ot2AUIpCvIdgvsZ6vTNiOUVDtzuzqn2eoJi+ZKVr8Pm/CvIpCAaXZkuQ==",
      "peerDependencies": {
        "@fullcalendar/core": "~6.1.14",
        "rrule": "^2.6.0"
      }
    },
    "node_modules/preact": {
      "version": "10.12.1",
      "resolved": "https://registry.npmjs.org/preact/-/preact-10.12.1.tgz",
      "integrity": "sha512-l8386ixSsBdbreOAkqtrwqHwdvR35ID8c3rKPa8lCWuO86dBi32QWHV4vfsZK1utLLFMvw+Z5Ad4XLkZzchscg==",
      "funding": {
        "type": "opencollective",
        "url": "https://opencollective.com/preact"
      }
    },
    "node_modules/rrule": {
      "version": "2.8.1",
      "resolved": "https://registry.npmjs.org/rrule/-/rrule-2.8.1.tgz",
      "integrity": "sha512-hM3dHSBMeaJ0Ktp7W38BJZ7O1zOgaFEsn41PDk+yHoEtfLV+PoJt9E9xAlZiWgf/iqEqionN0ebHFZIDAp+iGw==",
      "peer": true,
      "dependencies": {
        "tslib": "^2.4.0"
      }
    },
    "node_modules/tslib": {
      "version": "2.6.3",
      "resolved": "https://registry.npmjs.org/tslib/-/tslib-2.6.3.tgz",
      "integrity": "sha512-xNvxJEOUiWPGhUuUdQgAJPKOOJfGnIyKySOc09XkKsgdUV/3E2zvwZYdejjmRgPCgcym1juLH3226yA7sEFJKQ==",
      "peer": true
    }
  }
}
